{
  "name": "pflege-dashboard-mocks",
  "version": "0.0.0",
  "lockfileVersion": 3,
  "requires": true,
  "packages": {
    "": {
      "name": "pflege-dashboard-mocks",
      "version": "0.0.0",
      "devDependencies": {
        "@fontsource-variable/bricolage-grotesque": "5.3.0",
        "@fontsource-variable/inter": "5.3.0",
        "@fontsource/atkinson-hyperlegible-next": "5.3.0",
        "@fontsource/ibm-plex-mono": "5.3.0",
        "@fontsource/ibm-plex-sans": "5.3.0",
        "lucide-static": "1.52.0",
        "playwright-core": "1.63.0"
      }
    },
    "node_modules/@fontsource-variable/bricolage-grotesque": {
      "version": "5.3.0",
      "resolved": "https://registry.npmjs.org/@fontsource-variable/bricolage-grotesque/-/bricolage-grotesque-5.3.0.tgz",
      "integrity": "sha512-TLi9Q4hJjS2UvoTMRSS2nHu6c4R56lAw60NR9QYtVRCHn0XtsFpiEhNffZ8Glsoxu6wEEwLKBP8lb94J52PNBA==",
      "dev": true,
      "license": "OFL-1.1",
      "funding": {
        "url": "https://github.com/sponsors/ayuhito"
      }
    },
    "node_modules/@fontsource-variable/inter": {
      "version": "5.3.0",
      "resolved": "https://registry.npmjs.org/@fontsource-variable/inter/-/inter-5.3.0.tgz",
      "integrity": "sha512-OupL48va4JNofb97w6NYeF9S7W/kHNKM0Er8Dem5nqi4jeOLrVJDoE8tZEpnMJmtkvNbB1EIPPwHcdkF6b1oUA==",
      "dev": true,
      "license": "OFL-1.1",
      "funding": {
        "url": "https://github.com/sponsors/ayuhito"
      }
    },
    "node_modules/@fontsource/atkinson-hyperlegible-next": {
      "version": "5.3.0",
      "resolved": "https://registry.npmjs.org/@fontsource/atkinson-hyperlegible-next/-/atkinson-hyperlegible-next-5.3.0.tgz",
      "integrity": "sha512-8p1tHVoPDo6oYwSO3sMw5snGwFwSf3TmeSF9Gcj792GXdsg6oqvhoItbj6Hj/XZIk0Xs+Cwu6pkLBAl3Q5HrwA==",
      "dev": true,
      "license": "OFL-1.1",
      "funding": {
        "url": "https://github.com/sponsors/ayuhito"
      }
    },
    "node_modules/@fontsource/ibm-plex-mono": {
      "version": "5.3.0",
      "resolved": "https://registry.npmjs.org/@fontsource/ibm-plex-mono/-/ibm-plex-mono-5.3.0.tgz",
      "integrity": "sha512-eTgnZjZEGk1QtD3ZstF+Vclo2HLAni8YMy34/DxllwZvyz1lR/1RF/xTiAquOBO7MvqBx8D2Ig2WCPMVfdZu7Q==",
      "dev": true,
      "license": "OFL-1.1",
      "funding": {
        "url": "https://github.com/sponsors/ayuhito"
      }
    },
    "node_modules/@fontsource/ibm-plex-sans": {
      "version": "5.3.0",
      "resolved": "https://registry.npmjs.org/@fontsource/ibm-plex-sans/-/ibm-plex-sans-5.3.0.tgz",
      "integrity": "sha512-CbE4CbbEEZJX860XyUiRpsksXIQR8Rp2XDva2VO53NJox9tVNtusrysd2x5YkUEY3ErQ66W1IiiQL8/wihhw5w==",
      "dev": true,
      "license": "OFL-1.1",
      "funding": {
        "url": "https://github.com/sponsors/ayuhito"
      }
    },
    "node_modules/lucide-static": {
      "version": "1.52.0",
      "resolved": "https://registry.npmjs.org/lucide-static/-/lucide-static-1.52.0.tgz",
      "integrity": "sha512-0zZYihAze4ZmUCcyNa9OkWYqn/Y5f9AdTh02AZIxMtP5ravcTTfoSIAnUPBH6ZvKxt+ZW28JB0ldzLRyD82fcw==",
      "dev": true,
      "license": "ISC"
    },
    "node_modules/playwright-core": {
      "version": "1.63.0",
      "resolved": "https://registry.npmjs.org/playwright-core/-/playwright-core-1.63.0.tgz",
      "integrity": "sha512-rYCsBF/M5HjUch52bbtVONEFjv6Xu8sm8h72dNlR5bzIE1fvC/bxgspzkjSfU+MweEMmPM8KJebG6nnyxo5mCg==",
      "dev": true,
      "license": "Apache-2.0",
      "bin": {
        "playwright-core": "cli.js"
      },
      "engines": {
        "node": ">=20"
      }
    }
  }
}
